// !$*UTF8*$!
{
	archiveVersion = 1;
	classes = {
	};
	objectVersion = 50;
	objects = {

/* Begin PBXBuildFile section */
		044EEB792294B65900AE59ED /* AppDelegate.swift in Sources */ = {isa = PBXBuildFile; fileRef = 044EEB782294B65900AE59ED /* AppDelegate.swift */; };
		044EEB7B2294B65900AE59ED /* ViewController.swift in Sources */ = {isa = PBXBuildFile; fileRef = 044EEB7A2294B65900AE59ED /* ViewController.swift */; };
		044EEB7E2294B65900AE59ED /* Main.storyboard in Resources */ = {isa = PBXBuildFile; fileRef = 044EEB7C2294B65900AE59ED /* Main.storyboard */; };
		044EEB812294B65900AE59ED /* GoogleNewsExample.xcdatamodeld in Sources */ = {isa = PBXBuildFile; fileRef = 044EEB7F2294B65900AE59ED /* GoogleNewsExample.xcdatamodeld */; };
		044EEB832294B65A00AE59ED /* Assets.xcassets in Resources */ = {isa = PBXBuildFile; fileRef = 044EEB822294B65A00AE59ED /* Assets.xcassets */; };
		044EEB862294B65A00AE59ED /* LaunchScreen.storyboard in Resources */ = {isa = PBXBuildFile; fileRef = 044EEB842294B65A00AE59ED /* LaunchScreen.storyboard */; };
		044EEB8E2294D73600AE59ED /* ItemDetailsVC.swift in Sources */ = {isa = PBXBuildFile; fileRef = 044EEB8D2294D73600AE59ED /* ItemDetailsVC.swift */; };
		044EEB902294DBA100AE59ED /* NewModel.swift in Sources */ = {isa = PBXBuildFile; fileRef = 044EEB8F2294DBA100AE59ED /* NewModel.swift */; };
		044EEB922294DBD600AE59ED /* NewCell.swift in Sources */ = {isa = PBXBuildFile; fileRef = 044EEB912294DBD600AE59ED /* NewCell.swift */; };
		04AA16C522A5B8DC00E9737B /* FavoritesVC.swift in Sources */ = {isa = PBXBuildFile; fileRef = 04AA16C422A5B8DC00E9737B /* FavoritesVC.swift */; };
		04AD831A22A80DAA00D8E138 /* Connectivity.swift in Sources */ = {isa = PBXBuildFile; fileRef = 04AD831922A80DAA00D8E138 /* Connectivity.swift */; };
		04F2368522A0B6FE00528A61 /* ItemDtailsViewModel.swift in Sources */ = {isa = PBXBuildFile; fileRef = 04F2368422A0B6FE00528A61 /* ItemDtailsViewModel.swift */; };
		04F2368722A0C03B00528A61 /* MainPageViewModel.swift in Sources */ = {isa = PBXBuildFile; fileRef = 04F2368622A0C03B00528A61 /* MainPageViewModel.swift */; };
		2D3EFC38643B4A0B26A6D667 /* Pods_GoogleNewsExample.framework in Frameworks */ = {isa = PBXBuildFile; fileRef = 9AAFEC0AD687EBE2FEB739AD /* Pods_GoogleNewsExample.framework */; };
/* End PBXBuildFile section */

/* Begin PBXBuildRule section */
		04AA16C322A402FB00E9737B /* PBXBuildRule */ = {
			isa = PBXBuildRule;
			compilerSpec = com.apple.compilers.proxy.script;
			fileType = pattern.proxy;
			isEditable = 1;
			outputFiles = (
			);
			script = "# Type a script or drag a script file from your workspace to insert its path.\n";
		};
/* End PBXBuildRule section */

/* Begin PBXFileReference section */
		044EEB752294B65900AE59ED /* GoogleNewsExample.app */ = {isa = PBXFileReference; explicitFileType = wrapper.application; includeInIndex = 0; path = GoogleNewsExample.app; sourceTree = BUILT_PRODUCTS_DIR; };
		044EEB782294B65900AE59ED /* AppDelegate.swift */ = {isa = PBXFileReference; lastKnownFileType = sourcecode.swift; path = AppDelegate.swift; sourceTree = "<group>"; };
		044EEB7A2294B65900AE59ED /* ViewController.swift */ = {isa = PBXFileReference; lastKnownFileType = sourcecode.swift; path = ViewController.swift; sourceTree = "<group>"; };
		044EEB7D2294B65900AE59ED /* Base */ = {isa = PBXFileReference; lastKnownFileType = file.storyboard; name = Base; path = Base.lproj/Main.storyboard; sourceTree = "<group>"; };
		044EEB802294B65900AE59ED /* GoogleNewsExample.xcdatamodel */ = {isa = PBXFileReference; lastKnownFileType = wrapper.xcdatamodel; path = GoogleNewsExample.xcdatamodel; sourceTree = "<group>"; };
		044EEB822294B65A00AE59ED /* Assets.xcassets */ = {isa = PBXFileReference; lastKnownFileType = folder.assetcatalog; path = Assets.xcassets; sourceTree = "<group>"; };
		044EEB852294B65A00AE59ED /* Base */ = {isa = PBXFileReference; lastKnownFileType = file.storyboard; name = Base; path = Base.lproj/LaunchScreen.storyboard; sourceTree = "<group>"; };
		044EEB872294B65A00AE59ED /* Info.plist */ = {isa = PBXFileReference; lastKnownFileType = text.plist.xml; path = Info.plist; sourceTree = "<group>"; };
		044EEB8D2294D73600AE59ED /* ItemDetailsVC.swift */ = {isa = PBXFileReference; lastKnownFileType = sourcecode.swift; path = ItemDetailsVC.swift; sourceTree = "<group>"; };
		044EEB8F2294DBA100AE59ED /* NewModel.swift */ = {isa = PBXFileReference; lastKnownFileType = sourcecode.swift; path = NewModel.swift; sourceTree = "<group>"; };
		044EEB912294DBD600AE59ED /* NewCell.swift */ = {isa = PBXFileReference; lastKnownFileType = sourcecode.swift; path = NewCell.swift; sourceTree = "<group>"; };
		04AA16C422A5B8DC00E9737B /* FavoritesVC.swift */ = {isa = PBXFileReference; lastKnownFileType = sourcecode.swift; path = FavoritesVC.swift; sourceTree = "<group>"; };
		04AD831922A80DAA00D8E138 /* Connectivity.swift */ = {isa = PBXFileReference; lastKnownFileType = sourcecode.swift; path = Connectivity.swift; sourceTree = "<group>"; };
		04F2368422A0B6FE00528A61 /* ItemDtailsViewModel.swift */ = {isa = PBXFileReference; lastKnownFileType = sourcecode.swift; path = ItemDtailsViewModel.swift; sourceTree = "<group>"; };
		04F2368622A0C03B00528A61 /* MainPageViewModel.swift */ = {isa = PBXFileReference; lastKnownFileType = sourcecode.swift; path = MainPageViewModel.swift; sourceTree = "<group>"; };
		1C2825C435D400E4B63F1DF4 /* Pods-GoogleNewsExample.release.xcconfig */ = {isa = PBXFileReference; includeInIndex = 1; lastKnownFileType = text.xcconfig; name = "Pods-GoogleNewsExample.release.xcconfig"; path = "Target Support Files/Pods-GoogleNewsExample/Pods-GoogleNewsExample.release.xcconfig"; sourceTree = "<group>"; };
		8D802E47B201CDE0EF04D495 /* Pods-GoogleNewsExample.debug.xcconfig */ = {isa = PBXFileReference; includeInIndex = 1; lastKnownFileType = text.xcconfig; name = "Pods-GoogleNewsExample.debug.xcconfig"; path = "Target Support Files/Pods-GoogleNewsExample/Pods-GoogleNewsExample.debug.xcconfig"; sourceTree = "<group>"; };
		9AAFEC0AD687EBE2FEB739AD /* Pods_GoogleNewsExample.framework */ = {isa = PBXFileReference; explicitFileType = wrapper.framework; includeInIndex = 0; path = Pods_GoogleNewsExample.framework; sourceTree = BUILT_PRODUCTS_DIR; };
/* End PBXFileReference section */

/* Begin PBXFrameworksBuildPhase section */
		044EEB722294B65900AE59ED /* Frameworks */ = {
			isa = PBXFrameworksBuildPhase;
			buildActionMask = 2147483647;
			files = (
				2D3EFC38643B4A0B26A6D667 /* Pods_GoogleNewsExample.framework in Frameworks */,
			);
			runOnlyForDeploymentPostprocessing = 0;
		};
/* End PBXFrameworksBuildPhase section */

/* Begin PBXGroup section */
		044EEB6C2294B65900AE59ED = {
			isa = PBXGroup;
			children = (
				044EEB772294B65900AE59ED /* GoogleNewsExample */,
				044EEB762294B65900AE59ED /* Products */,
				78527F002278E5E3EA9032DC /* Pods */,
				7C857A5EC60A5A184D12ACB9 /* Frameworks */,
			);
			sourceTree = "<group>";
		};
		044EEB762294B65900AE59ED /* Products */ = {
			isa = PBXGroup;
			children = (
				044EEB752294B65900AE59ED /* GoogleNewsExample.app */,
			);
			name = Products;
			sourceTree = "<group>";
		};
		044EEB772294B65900AE59ED /* GoogleNewsExample */ = {
			isa = PBXGroup;
			children = (
				04AD831822A80D6600D8E138 /* Helper */,
				04F2368322A0B69600528A61 /* modelview */,
				04F2368222A0B68E00528A61 /* model */,
				04F2368122A0B68600528A61 /* view */,
				044EEB782294B65900AE59ED /* AppDelegate.swift */,
				044EEB7C2294B65900AE59ED /* Main.storyboard */,
				044EEB822294B65A00AE59ED /* Assets.xcassets */,
				044EEB842294B65A00AE59ED /* LaunchScreen.storyboard */,
				044EEB872294B65A00AE59ED /* Info.plist */,
				044EEB7F2294B65900AE59ED /* GoogleNewsExample.xcdatamodeld */,
				044EEB912294DBD600AE59ED /* NewCell.swift */,
			);
			path = GoogleNewsExample;
			sourceTree = "<group>";
		};
		04AD831822A80D6600D8E138 /* Helper */ = {
			isa = PBXGroup;
			children = (
				04AD831922A80DAA00D8E138 /* Connectivity.swift */,
			);
			path = Helper;
			sourceTree = "<group>";
		};
		04F2368122A0B68600528A61 /* view */ = {
			isa = PBXGroup;
			children = (
				044EEB7A2294B65900AE59ED /* ViewController.swift */,
				044EEB8D2294D73600AE59ED /* ItemDetailsVC.swift */,
				04AA16C422A5B8DC00E9737B /* FavoritesVC.swift */,
			);
			path = view;
			sourceTree = "<group>";
		};
		04F2368222A0B68E00528A61 /* model */ = {
			isa = PBXGroup;
			children = (
				044EEB8F2294DBA100AE59ED /* NewModel.swift */,
			);
			path = model;
			sourceTree = "<group>";
		};
		04F2368322A0B69600528A61 /* modelview */ = {
			isa = PBXGroup;
			children = (
				04F2368422A0B6FE00528A61 /* ItemDtailsViewModel.swift */,
				04F2368622A0C03B00528A61 /* MainPageViewModel.swift */,
			);
			path = modelview;
			sourceTree = "<group>";
		};
		78527F002278E5E3EA9032DC /* Pods */ = {
			isa = PBXGroup;
			children = (
				8D802E47B201CDE0EF04D495 /* Pods-GoogleNewsExample.debug.xcconfig */,
				1C2825C435D400E4B63F1DF4 /* Pods-GoogleNewsExample.release.xcconfig */,
			);
			path = Pods;
			sourceTree = "<group>";
		};
		7C857A5EC60A5A184D12ACB9 /* Frameworks */ = {
			isa = PBXGroup;
			children = (
				9AAFEC0AD687EBE2FEB739AD /* Pods_GoogleNewsExample.framework */,
			);
			name = Frameworks;
			sourceTree = "<group>";
		};
/* End PBXGroup section */

/* Begin PBXNativeTarget section */
		044EEB742294B65900AE59ED /* GoogleNewsExample */ = {
			isa = PBXNativeTarget;
			buildConfigurationList = 044EEB8A2294B65A00AE59ED /* Build configuration list for PBXNativeTarget "GoogleNewsExample" */;
			buildPhases = (
				4650119C5C1D62146FC1090F /* [CP] Check Pods Manifest.lock */,
				044EEB712294B65900AE59ED /* Sources */,
				044EEB722294B65900AE59ED /* Frameworks */,
				044EEB732294B65900AE59ED /* Resources */,
				5FD3BF0EFCBB7D50BB74D941 /* [CP] Embed Pods Frameworks */,
				19587DF8F9B531226F179710 /* [CP] Copy Pods Resources */,
			);
			buildRules = (
				04AA16C322A402FB00E9737B /* PBXBuildRule */,
			);
			dependencies = (
			);
			name = GoogleNewsExample;
			productName = GoogleNewsExample;
			productReference = 044EEB752294B65900AE59ED /* GoogleNewsExample.app */;
			productType = "com.apple.product-type.application";
		};
/* End PBXNativeTarget section */

/* Begin PBXProject section */
		044EEB6D2294B65900AE59ED /* Project object */ = {
			isa = PBXProject;
			attributes = {
				LastSwiftUpdateCheck = 1010;
				LastUpgradeCheck = 1010;
				ORGANIZATIONNAME = MAC;
				TargetAttributes = {
					044EEB742294B65900AE59ED = {
						CreatedOnToolsVersion = 10.1;
					};
				};
			};
			buildConfigurationList = 044EEB702294B65900AE59ED /* Build configuration list for PBXProject "GoogleNewsExample" */;
			compatibilityVersion = "Xcode 9.3";
			developmentRegion = en;
			hasScannedForEncodings = 0;
			knownRegions = (
				en,
				Base,
			);
			mainGroup = 044EEB6C2294B65900AE59ED;
			productRefGroup = 044EEB762294B65900AE59ED /* Products */;
			projectDirPath = "";
			projectRoot = "";
			targets = (
				044EEB742294B65900AE59ED /* GoogleNewsExample */,
			);
		};
/* End PBXProject section */

/* Begin PBXResourcesBuildPhase section */
		044EEB732294B65900AE59ED /* Resources */ = {
			isa = PBXResourcesBuildPhase;
			buildActionMask = 2147483647;
			files = (
				044EEB862294B65A00AE59ED /* LaunchScreen.storyboard in Resources */,
				044EEB832294B65A00AE59ED /* Assets.xcassets in Resources */,
				044EEB7E2294B65900AE59ED /* Main.storyboard in Resources */,
			);
			runOnlyForDeploymentPostprocessing = 0;
		};
/* End PBXResourcesBuildPhase section */

/* Begin PBXShellScriptBuildPhase section */
		19587DF8F9B531226F179710 /* [CP] Copy Pods Resources */ = {
			isa = PBXShellScriptBuildPhase;
			buildActionMask = 2147483647;
			files = (
			);
			inputFileListPaths = (
			);
			inputPaths = (
				"${PODS_ROOT}/Target Support Files/Pods-GoogleNewsExample/Pods-GoogleNewsExample-resources.sh",
				"${PODS_ROOT}/GoogleMaps/Maps/Frameworks/GoogleMaps.framework/Resources/GoogleMaps.bundle",
				"${PODS_ROOT}/GooglePlaces/Frameworks/GooglePlaces.framework/Resources/GooglePlaces.bundle",
			);
			name = "[CP] Copy Pods Resources";
			outputFileListPaths = (
			);
			outputPaths = (
				"${TARGET_BUILD_DIR}/${UNLOCALIZED_RESOURCES_FOLDER_PATH}/GoogleMaps.bundle",
				"${TARGET_BUILD_DIR}/${UNLOCALIZED_RESOURCES_FOLDER_PATH}/GooglePlaces.bundle",
			);
			runOnlyForDeploymentPostprocessing = 0;
			shellPath = /bin/sh;
			shellScript = "\"${PODS_ROOT}/Target Support Files/Pods-GoogleNewsExample/Pods-GoogleNewsExample-resources.sh\"\n";
			showEnvVarsInLog = 0;
		};
		4650119C5C1D62146FC1090F /* [CP] Check Pods Manifest.lock */ = {
			isa = PBXShellScriptBuildPhase;
			buildActionMask = 2147483647;
			files = (
			);
			inputFileListPaths = (
			);
			inputPaths = (
				"${PODS_PODFILE_DIR_PATH}/Podfile.lock",
				"${PODS_ROOT}/Manifest.lock",
			);
			name = "[CP] Check Pods Manifest.lock";
			outputFileListPaths = (
			);
			outputPaths = (
				"$(DERIVED_FILE_DIR)/Pods-GoogleNewsExample-checkManifestLockResult.txt",
			);
			runOnlyForDeploymentPostprocessing = 0;
			shellPath = /bin/sh;
			shellScript = "diff \"${PODS_PODFILE_DIR_PATH}/Podfile.lock\" \"${PODS_ROOT}/Manifest.lock\" > /dev/null\nif [ $? != 0 ] ; then\n    # print error to STDERR\n    echo \"error: The sandbox is not in sync with the Podfile.lock. Run 'pod install' or update your CocoaPods installation.\" >&2\n    exit 1\nfi\n# This output is used by Xcode 'outputs' to avoid re-running this script phase.\necho \"SUCCESS\" > \"${SCRIPT_OUTPUT_FILE_0}\"\n";
			showEnvVarsInLog = 0;
		};
		5FD3BF0EFCBB7D50BB74D941 /* [CP] Embed Pods Frameworks */ = {
			isa = PBXShellScriptBuildPhase;
			buildActionMask = 2147483647;
			files = (
			);
			inputFileListPaths = (
			);
			inputPaths = (
				"${PODS_ROOT}/Target Support Files/Pods-GoogleNewsExample/Pods-GoogleNewsExample-frameworks.sh",
				"${BUILT_PRODUCTS_DIR}/Alamofire/Alamofire.framework",
				"${BUILT_PRODUCTS_DIR}/Nuke/Nuke.framework",
			);
			name = "[CP] Embed Pods Frameworks";
			outputFileListPaths = (
			);
			outputPaths = (
				"${TARGET_BUILD_DIR}/${FRAMEWORKS_FOLDER_PATH}/Alamofire.framework",
				"${TARGET_BUILD_DIR}/${FRAMEWORKS_FOLDER_PATH}/Nuke.framework",
			);
			runOnlyForDeploymentPostprocessing = 0;
			shellPath = /bin/sh;
			shellScript = "\"${PODS_ROOT}/Target Support Files/Pods-GoogleNewsExample/Pods-GoogleNewsExample-frameworks.sh\"\n";
			showEnvVarsInLog = 0;
		};
/* End PBXShellScriptBuildPhase section */

/* Begin PBXSourcesBuildPhase section */
		044EEB712294B65900AE59ED /* Sources */ = {
			isa = PBXSourcesBuildPhase;
			buildActionMask = 2147483647;
			files = (
				04F2368722A0C03B00528A61 /* MainPageViewModel.swift in Sources */,
				04F2368522A0B6FE00528A61 /* ItemDtailsViewModel.swift in Sources */,
				04AD831A22A80DAA00D8E138 /* Connectivity.swift in Sources */,
				044EEB8E2294D73600AE59ED /* ItemDetailsVC.swift in Sources */,
				044EEB7B2294B65900AE59ED /* ViewController.swift in Sources */,
				044EEB792294B65900AE59ED /* AppDelegate.swift in Sources */,
				04AA16C522A5B8DC00E9737B /* FavoritesVC.swift in Sources */,
				044EEB812294B65900AE59ED /* GoogleNewsExample.xcdatamodeld in Sources */,
				044EEB922294DBD600AE59ED /* NewCell.swift in Sources */,
				044EEB902294DBA100AE59ED /* NewModel.swift in Sources */,
			);
			runOnlyForDeploymentPostprocessing = 0;
		};
/* End PBXSourcesBuildPhase section */

/* Begin PBXVariantGroup section */
		044EEB7C2294B65900AE59ED /* Main.storyboard */ = {
			isa = PBXVariantGroup;
			children = (
				044EEB7D2294B65900AE59ED /* Base */,
			);
			name = Main.storyboard;
			sourceTree = "<group>";
		};
		044EEB842294B65A00AE59ED /* LaunchScreen.storyboard */ = {
			isa = PBXVariantGroup;
			children = (
				044EEB852294B65A00AE59ED /* Base */,
			);
			name = LaunchScreen.storyboard;
			sourceTree = "<group>";
		};
/* End PBXVariantGroup section */

/* Begin XCBuildConfiguration section */
		044EEB882294B65A00AE59ED /* Debug */ = {
			isa = XCBuildConfiguration;
			buildSettings = {
				ALWAYS_SEARCH_USER_PATHS = NO;
				CLANG_ANALYZER_NONNULL = YES;
				CLANG_ANALYZER_NUMBER_OBJECT_CONVERSION = YES_AGGRESSIVE;
				CLANG_CXX_LANGUAGE_STANDARD = "gnu++14";
				CLANG_CXX_LIBRARY = "libc++";
				CLANG_ENABLE_MODULES = YES;
				CLANG_ENABLE_OBJC_ARC = YES;
				CLANG_ENABLE_OBJC_WEAK = YES;
				CLANG_WARN_BLOCK_CAPTURE_AUTORELEASING = YES;
				CLANG_WARN_BOOL_CONVERSION = YES;
				CLANG_WARN_COMMA = YES;
				CLANG_WARN_CONSTANT_CONVERSION = YES;
				CLANG_WARN_DEPRECATED_OBJC_IMPLEMENTATIONS = YES;
				CLANG_WARN_DIRECT_OBJC_ISA_USAGE = YES_ERROR;
				CLANG_WARN_DOCUMENTATION_COMMENTS = YES;
				CLANG_WARN_EMPTY_BODY = YES;
				CLANG_WARN_ENUM_CONVERSION = YES;
				CLANG_WARN_INFINITE_RECURSION = YES;
				CLANG_WARN_INT_CONVERSION = YES;
				CLANG_WARN_NON_LITERAL_NULL_CONVERSION = YES;
				CLANG_WARN_OBJC_IMPLICIT_RETAIN_SELF = YES;
				CLANG_WARN_OBJC_LITERAL_CONVERSION = YES;
				CLANG_WARN_OBJC_ROOT_CLASS = YES_ERROR;
				CLANG_WARN_RANGE_LOOP_ANALYSIS = YES;
				CLANG_WARN_STRICT_PROTOTYPES = YES;
				CLANG_WARN_SUSPICIOUS_MOVE = YES;
				CLANG_WARN_UNGUARDED_AVAILABILITY = YES_AGGRESSIVE;
				CLANG_WARN_UNREACHABLE_CODE = YES;
				CLANG_WARN__DUPLICATE_METHOD_MATCH = YES;
				CODE_SIGN_IDENTITY = "iPhone Developer";
				COPY_PHASE_STRIP = NO;
				DEBUG_INFORMATION_FORMAT = dwarf;
				ENABLE_STRICT_OBJC_MSGSEND = YES;
				ENABLE_TESTABILITY = YES;
				GCC_C_LANGUAGE_STANDARD = gnu11;
				GCC_DYNAMIC_NO_PIC = NO;
				GCC_NO_COMMON_BLOCKS = YES;
				GCC_OPTIMIZATION_LEVEL = 0;
				GCC_PREPROCESSOR_DEFINITIONS = (
					"DEBUG=1",
					"$(inherited)",
				);
				GCC_WARN_64_TO_32_BIT_CONVERSION = YES;
				GCC_WARN_ABOUT_RETURN_TYPE = YES_ERROR;
				GCC_WARN_UNDECLARED_SELECTOR = YES;
				GCC_WARN_UNINITIALIZED_AUTOS = YES_AGGRESSIVE;
				GCC_WARN_UNUSED_FUNCTION = YES;
				GCC_WARN_UNUSED_VARIABLE = YES;
				IPHONEOS_DEPLOYMENT_TARGET = 12.1;
				MTL_ENABLE_DEBUG_INFO = INCLUDE_SOURCE;
				MTL_FAST_MATH = YES;
				ONLY_ACTIVE_ARCH = YES;
				SDKROOT = iphoneos;
				SWIFT_ACTIVE_COMPILATION_CONDITIONS = DEBUG;
				SWIFT_OPTIMIZATION_LEVEL = "-Onone";
			};
			name = Debug;
		};
		044EEB892294B65A00AE59ED /* Release */ = {
			isa = XCBuildConfiguration;
			buildSettings = {
				ALWAYS_SEARCH_USER_PATHS = NO;
				CLANG_ANALYZER_NONNULL = YES;
				CLANG_ANALYZER_NUMBER_OBJECT_CONVERSION = YES_AGGRESSIVE;
				CLANG_CXX_LANGUAGE_STANDARD = "gnu++14";
				CLANG_CXX_LIBRARY = "libc++";
				CLANG_ENABLE_MODULES = YES;
				CLANG_ENABLE_OBJC_ARC = YES;
				CLANG_ENABLE_OBJC_WEAK = YES;
				CLANG_WARN_BLOCK_CAPTURE_AUTORELEASING = YES;
				CLANG_WARN_BOOL_CONVERSION = YES;
				CLANG_WARN_COMMA = YES;
				CLANG_WARN_CONSTANT_CONVERSION = YES;
				CLANG_WARN_DEPRECATED_OBJC_IMPLEMENTATIONS = YES;
				CLANG_WARN_DIRECT_OBJC_ISA_USAGE = YES_ERROR;
				CLANG_WARN_DOCUMENTATION_COMMENTS = YES;
				CLANG_WARN_EMPTY_BODY = YES;
				CLANG_WARN_ENUM_CONVERSION = YES;
				CLANG_WARN_INFINITE_RECURSION = YES;
				CLANG_WARN_INT_CONVERSION = YES;
				CLANG_WARN_NON_LITERAL_NULL_CONVERSION = YES;
				CLANG_WARN_OBJC_IMPLICIT_RETAIN_SELF = YES;
				CLANG_WARN_OBJC_LITERAL_CONVERSION = YES;
				CLANG_WARN_OBJC_ROOT_CLASS = YES_ERROR;
				CLANG_WARN_RANGE_LOOP_ANALYSIS = YES;
				CLANG_WARN_STRICT_PROTOTYPES = YES;
				CLANG_WARN_SUSPICIOUS_MOVE = YES;
				CLANG_WARN_UNGUARDED_AVAILABILITY = YES_AGGRESSIVE;
				CLANG_WARN_UNREACHABLE_CODE = YES;
				CLANG_WARN__DUPLICATE_METHOD_MATCH = YES;
				CODE_SIGN_IDENTITY = "iPhone Developer";
				COPY_PHASE_STRIP = NO;
				DEBUG_INFORMATION_FORMAT = "dwarf-with-dsym";
				ENABLE_NS_ASSERTIONS = NO;
				ENABLE_STRICT_OBJC_MSGSEND = YES;
				GCC_C_LANGUAGE_STANDARD = gnu11;
				GCC_NO_COMMON_BLOCKS = YES;
				GCC_WARN_64_TO_32_BIT_CONVERSION = YES;
				GCC_WARN_ABOUT_RETURN_TYPE = YES_ERROR;
				GCC_WARN_UNDECLARED_SELECTOR = YES;
				GCC_WARN_UNINITIALIZED_AUTOS = YES_AGGRESSIVE;
				GCC_WARN_UNUSED_FUNCTION = YES;
				GCC_WARN_UNUSED_VARIABLE = YES;
				IPHONEOS_DEPLOYMENT_TARGET = 12.1;
				MTL_ENABLE_DEBUG_INFO = NO;
				MTL_FAST_MATH = YES;
				SDKROOT = iphoneos;
				SWIFT_COMPILATION_MODE = wholemodule;
				SWIFT_OPTIMIZATION_LEVEL = "-O";
				VALIDATE_PRODUCT = YES;
			};
			name = Release;
		};
		044EEB8B2294B65A00AE59ED /* Debug */ = {
			isa = XCBuildConfiguration;
			baseConfigurationReference = 8D802E47B201CDE0EF04D495 /* Pods-GoogleNewsExample.debug.xcconfig */;
			buildSettings = {
				ASSETCATALOG_COMPILER_APPICON_NAME = AppIcon;
				CODE_SIGN_STYLE = Automatic;
				DEVELOPMENT_TEAM = G85G2M5NLU;
				INFOPLIST_FILE = GoogleNewsExample/Info.plist;
				LD_RUNPATH_SEARCH_PATHS = (
					"$(inherited)",
					"@executable_path/Frameworks",
				);
				PRODUCT_BUNDLE_IDENTIFIER = "mohamed-shaban.GoogleNewsExample";
				PRODUCT_NAME = "$(TARGET_NAME)";
				SWIFT_VERSION = 4.2;
				TARGETED_DEVICE_FAMILY = "1,2";
			};
			name = Debug;
		};
		044EEB8C2294B65A00AE59ED /* Release */ = {
			isa = XCBuildConfiguration;
			baseConfigurationReference = 1C2825C435D400E4B63F1DF4 /* Pods-GoogleNewsExample.release.xcconfig */;
			buildSettings = {
				ASSETCATALOG_COMPILER_APPICON_NAME = AppIcon;
				CODE_SIGN_STYLE = Automatic;
				DEVELOPMENT_TEAM = G85G2M5NLU;
				INFOPLIST_FILE = GoogleNewsExample/Info.plist;
				LD_RUNPATH_SEARCH_PATHS = (
					"$(inherited)",
					"@executable_path/Frameworks",
				);
				PRODUCT_BUNDLE_IDENTIFIER = "mohamed-shaban.GoogleNewsExample";
				PRODUCT_NAME = "$(TARGET_NAME)";
				SWIFT_VERSION = 4.2;
				TARGETED_DEVICE_FAMILY = "1,2";
			};
			name = Release;
		};
/* End XCBuildConfiguration section */

/* Begin XCConfigurationList section */
		044EEB702294B65900AE59ED /* Build configuration list for PBXProject "GoogleNewsExample" */ = {
			isa = XCConfigurationList;
			buildConfigurations = (
				044EEB882294B65A00AE59ED /* Debug */,
				044EEB892294B65A00AE59ED /* Release */,
			);
			defaultConfigurationIsVisible = 0;
			defaultConfigurationName = Release;
		};
		044EEB8A2294B65A00AE59ED /* Build configuration list for PBXNativeTarget "GoogleNewsExample" */ = {
			isa = XCConfigurationList;
			buildConfigurations = (
				044EEB8B2294B65A00AE59ED /* Debug */,
				044EEB8C2294B65A00AE59ED /* Release */,
			);
			defaultConfigurationIsVisible = 0;
			defaultConfigurationName = Release;
		};
/* End XCConfigurationList section */

/* Begin XCVersionGroup section */
		044EEB7F2294B65900AE59ED /* GoogleNewsExample.xcdatamodeld */ = {
			isa = XCVersionGroup;
			children = (
				044EEB802294B65900AE59ED /* GoogleNewsExample.xcdatamodel */,
			);
			currentVersion = 044EEB802294B65900AE59ED /* GoogleNewsExample.xcdatamodel */;
			path = GoogleNewsExample.xcdatamodeld;
			sourceTree = "<group>";
			versionGroupType = wrapper.xcdatamodel;
		};
/* End XCVersionGroup section */
	};
	rootObject = 044EEB6D2294B65900AE59ED /* Project object */;
}
